[{<<"base32">>,
  {git,"https://github.com/ahf/base32_erlang.git",
       {ref,"40431a7480176b24863e18b92d9872e54c714df5"}},
  0},
 {<<"enacl">>,
  {git,"git@lab.baconsvin.org:talla/enacl.git",
       {ref,"b152533af870a9b39e47dace77a491c98d483a2c"}},
  0},
 {<<"gproc">>,
  {git,"https://github.com/uwiger/gproc.git",
       {ref,"85d8dddf2b04690cee051994b40bfa45925f9e36"}},
  0}].
