[{<<"base32">>,
  {git,"https://github.com/ahf/base32_erlang.git",
       {ref,"40431a7480176b24863e18b92d9872e54c714df5"}},
  0},
 {<<"ed25519_ref10">>,
  {git,"git@lab.baconsvin.org:talla/ed25519_ref10.git",
       {ref,"fc2fe9590200cbb82745edbe3b01aabf777e2ee4"}},
  0},
 {<<"enacl">>,
  {git,"git@lab.baconsvin.org:talla/enacl.git",
       {ref,"a942c0d88daf292a56e180d9ec78812ddceccf0e"}},
  0},
 {<<"gproc">>,
  {git,"https://github.com/uwiger/gproc.git",
       {ref,"85d8dddf2b04690cee051994b40bfa45925f9e36"}},
  0},
 {<<"inet_cidr">>,
  {git,"https://github.com/benoitc/inet_cidr.git",
       {ref,"1294072ab26224f4fbef70de006aadf25228a35d"}},
  0}].
