[{<<"base32">>,
  {git,"https://github.com/tallaproject/base32_erlang.git",
       {ref,"40431a7480176b24863e18b92d9872e54c714df5"}},
  0},
 {<<"ed25519_ref10">>,
  {git,"https://github.com/tallaproject/ed25519-ref10.git",
       {ref,"0cacd4532447b65cfa76c07017ca429deb40d154"}},
  0},
 {<<"enacl">>,
  {git,"https://github.com/tallaproject/enacl.git",
       {ref,"c8403ab198b80863479c2ab5a9ccd0a8d73a57c4"}},
  0},
 {<<"gproc">>,
  {git,"https://github.com/uwiger/gproc.git",
       {ref,"a30b18c735a028e92837fb9d3d38de06935d862b"}},
  0},
 {<<"inet_cidr">>,
  {git,"https://github.com/benoitc/inet_cidr.git",
       {ref,"0c80c0e944f3aeca7f7c9b46b8542b50951f8180"}},
  0}].
